
Microsoft Visual Studio Solution File, Format Version 12.00
# Visual Studio Version 17
VisualStudioVersion = 17.14.36518.9 d17.14
MinimumVisualStudioVersion = 10.0.40219.1
Project("{FAE04EC0-301F-11D3-BF4B-00C04F79EFBC}") = "SkiShop.API", "SkiShop.API\SkiShop.API.csproj", "{72A29A5D-906F-4CCC-9702-677E45105B74}"
EndProject
Project("{FAE04EC0-301F-11D3-BF4B-00C04F79EFBC}") = "SkiShop.Core", "SkiShop.Core\SkiShop.Core.csproj", "{F56D1CEE-55F8-4989-892D-00DA6A214090}"
EndProject
Project("{FAE04EC0-301F-11D3-BF4B-00C04F79EFBC}") = "SkiShop.Infrastructure", "SkiShop.Infrastructure\SkiShop.Infrastructure.csproj", "{A7BBCFFC-A171-4BA9-AEF1-CFA08B39386B}"
EndProject
Global
	GlobalSection(SolutionConfigurationPlatforms) = preSolution
		Debug|Any CPU = Debug|Any CPU
		Release|Any CPU = Release|Any CPU
	EndGlobalSection
	GlobalSection(ProjectConfigurationPlatforms) = postSolution
		{72A29A5D-906F-4CCC-9702-677E45105B74}.Debug|Any CPU.ActiveCfg = Debug|Any CPU
		{72A29A5D-906F-4CCC-9702-677E45105B74}.Debug|Any CPU.Build.0 = Debug|Any CPU
		{72A29A5D-906F-4CCC-9702-677E45105B74}.Release|Any CPU.ActiveCfg = Release|Any CPU
		{72A29A5D-906F-4CCC-9702-677E45105B74}.Release|Any CPU.Build.0 = Release|Any CPU
		{F56D1CEE-55F8-4989-892D-00DA6A214090}.Debug|Any CPU.ActiveCfg = Debug|Any CPU
		{F56D1CEE-55F8-4989-892D-00DA6A214090}.Debug|Any CPU.Build.0 = Debug|Any CPU
		{F56D1CEE-55F8-4989-892D-00DA6A214090}.Release|Any CPU.ActiveCfg = Release|Any CPU
		{F56D1CEE-55F8-4989-892D-00DA6A214090}.Release|Any CPU.Build.0 = Release|Any CPU
		{A7BBCFFC-A171-4BA9-AEF1-CFA08B39386B}.Debug|Any CPU.ActiveCfg = Debug|Any CPU
		{A7BBCFFC-A171-4BA9-AEF1-CFA08B39386B}.Debug|Any CPU.Build.0 = Debug|Any CPU
		{A7BBCFFC-A171-4BA9-AEF1-CFA08B39386B}.Release|Any CPU.ActiveCfg = Release|Any CPU
		{A7BBCFFC-A171-4BA9-AEF1-CFA08B39386B}.Release|Any CPU.Build.0 = Release|Any CPU
	EndGlobalSection
	GlobalSection(SolutionProperties) = preSolution
		HideSolutionNode = FALSE
	EndGlobalSection
	GlobalSection(ExtensibilityGlobals) = postSolution
		SolutionGuid = {022E906D-184C-42FA-8D54-A642349C4572}
	EndGlobalSection
EndGlobal
